// !$*UTF8*$!
{
	archiveVersion = 1;
	classes = {
	};
	objectVersion = 50;
	objects = {

/* Begin PBXBuildFile section */
		2134E98B219731FA0066C23D /* AppDelegate.swift in Sources */ = {isa = PBXBuildFile; fileRef = 2134E98A219731FA0066C23D /* AppDelegate.swift */; };
		2134E98D219731FA0066C23D /* ViewController.swift in Sources */ = {isa = PBXBuildFile; fileRef = 2134E98C219731FA0066C23D /* ViewController.swift */; };
		2134E990219731FA0066C23D /* Main.storyboard in Resources */ = {isa = PBXBuildFile; fileRef = 2134E98E219731FA0066C23D /* Main.storyboard */; };
		2134E992219731FC0066C23D /* Assets.xcassets in Resources */ = {isa = PBXBuildFile; fileRef = 2134E991219731FC0066C23D /* Assets.xcassets */; };
		2134E995219731FC0066C23D /* LaunchScreen.storyboard in Resources */ = {isa = PBXBuildFile; fileRef = 2134E993219731FC0066C23D /* LaunchScreen.storyboard */; };
		2134E9A0219731FC0066C23D /* ChessTests.swift in Sources */ = {isa = PBXBuildFile; fileRef = 2134E99F219731FC0066C23D /* ChessTests.swift */; };
		2134E9B22197323B0066C23D /* Game.swift in Sources */ = {isa = PBXBuildFile; fileRef = 2134E9AB2197323B0066C23D /* Game.swift */; };
		2134E9B32197323B0066C23D /* User.swift in Sources */ = {isa = PBXBuildFile; fileRef = 2134E9AC2197323B0066C23D /* User.swift */; };
		2134E9B42197323B0066C23D /* Step.swift in Sources */ = {isa = PBXBuildFile; fileRef = 2134E9AD2197323B0066C23D /* Step.swift */; };
		2134E9B52197323B0066C23D /* GameStatus.swift in Sources */ = {isa = PBXBuildFile; fileRef = 2134E9AE2197323B0066C23D /* GameStatus.swift */; };
		2134E9B62197323B0066C23D /* Figure.swift in Sources */ = {isa = PBXBuildFile; fileRef = 2134E9AF2197323B0066C23D /* Figure.swift */; };
		2134E9B72197323B0066C23D /* Position.swift in Sources */ = {isa = PBXBuildFile; fileRef = 2134E9B02197323B0066C23D /* Position.swift */; };
		2134E9B82197323B0066C23D /* Side.swift in Sources */ = {isa = PBXBuildFile; fileRef = 2134E9B12197323B0066C23D /* Side.swift */; };
		2134E9BB219734360066C23D /* RESTAPI.framework in Frameworks */ = {isa = PBXBuildFile; fileRef = 2134E9BA219734360066C23D /* RESTAPI.framework */; };
		2134E9BD219734440066C23D /* EventEmitter.framework in Frameworks */ = {isa = PBXBuildFile; fileRef = 2134E9BC219734440066C23D /* EventEmitter.framework */; };
		2134E9C0219735330066C23D /* Users.swift in Sources */ = {isa = PBXBuildFile; fileRef = 2134E9BF219735330066C23D /* Users.swift */; };
		2134E9C22197364A0066C23D /* GameKit.framework in Frameworks */ = {isa = PBXBuildFile; fileRef = 2134E9C12197364A0066C23D /* GameKit.framework */; };
		2134E9C62197381A0066C23D /* SwiftyJSON.framework in Frameworks */ = {isa = PBXBuildFile; fileRef = 2134E9C52197381A0066C23D /* SwiftyJSON.framework */; };
/* End PBXBuildFile section */

/* Begin PBXContainerItemProxy section */
		2134E99C219731FC0066C23D /* PBXContainerItemProxy */ = {
			isa = PBXContainerItemProxy;
			containerPortal = 2134E97F219731FA0066C23D /* Project object */;
			proxyType = 1;
			remoteGlobalIDString = 2134E986219731FA0066C23D;
			remoteInfo = Chess;
		};
/* End PBXContainerItemProxy section */

/* Begin PBXFileReference section */
		2134E987219731FA0066C23D /* Chess.app */ = {isa = PBXFileReference; explicitFileType = wrapper.application; includeInIndex = 0; path = Chess.app; sourceTree = BUILT_PRODUCTS_DIR; };
		2134E98A219731FA0066C23D /* AppDelegate.swift */ = {isa = PBXFileReference; lastKnownFileType = sourcecode.swift; path = AppDelegate.swift; sourceTree = "<group>"; };
		2134E98C219731FA0066C23D /* ViewController.swift */ = {isa = PBXFileReference; lastKnownFileType = sourcecode.swift; path = ViewController.swift; sourceTree = "<group>"; };
		2134E98F219731FA0066C23D /* Base */ = {isa = PBXFileReference; lastKnownFileType = file.storyboard; name = Base; path = Base.lproj/Main.storyboard; sourceTree = "<group>"; };
		2134E991219731FC0066C23D /* Assets.xcassets */ = {isa = PBXFileReference; lastKnownFileType = folder.assetcatalog; path = Assets.xcassets; sourceTree = "<group>"; };
		2134E994219731FC0066C23D /* Base */ = {isa = PBXFileReference; lastKnownFileType = file.storyboard; name = Base; path = Base.lproj/LaunchScreen.storyboard; sourceTree = "<group>"; };
		2134E996219731FC0066C23D /* Info.plist */ = {isa = PBXFileReference; lastKnownFileType = text.plist.xml; path = Info.plist; sourceTree = "<group>"; };
		2134E99B219731FC0066C23D /* ChessTests.xctest */ = {isa = PBXFileReference; explicitFileType = wrapper.cfbundle; includeInIndex = 0; path = ChessTests.xctest; sourceTree = BUILT_PRODUCTS_DIR; };
		2134E99F219731FC0066C23D /* ChessTests.swift */ = {isa = PBXFileReference; lastKnownFileType = sourcecode.swift; path = ChessTests.swift; sourceTree = "<group>"; };
		2134E9A1219731FC0066C23D /* Info.plist */ = {isa = PBXFileReference; lastKnownFileType = text.plist.xml; path = Info.plist; sourceTree = "<group>"; };
		2134E9AB2197323B0066C23D /* Game.swift */ = {isa = PBXFileReference; fileEncoding = 4; lastKnownFileType = sourcecode.swift; path = Game.swift; sourceTree = "<group>"; };
		2134E9AC2197323B0066C23D /* User.swift */ = {isa = PBXFileReference; fileEncoding = 4; lastKnownFileType = sourcecode.swift; path = User.swift; sourceTree = "<group>"; };
		2134E9AD2197323B0066C23D /* Step.swift */ = {isa = PBXFileReference; fileEncoding = 4; lastKnownFileType = sourcecode.swift; path = Step.swift; sourceTree = "<group>"; };
		2134E9AE2197323B0066C23D /* GameStatus.swift */ = {isa = PBXFileReference; fileEncoding = 4; lastKnownFileType = sourcecode.swift; path = GameStatus.swift; sourceTree = "<group>"; };
		2134E9AF2197323B0066C23D /* Figure.swift */ = {isa = PBXFileReference; fileEncoding = 4; lastKnownFileType = sourcecode.swift; path = Figure.swift; sourceTree = "<group>"; };
		2134E9B02197323B0066C23D /* Position.swift */ = {isa = PBXFileReference; fileEncoding = 4; lastKnownFileType = sourcecode.swift; path = Position.swift; sourceTree = "<group>"; };
		2134E9B12197323B0066C23D /* Side.swift */ = {isa = PBXFileReference; fileEncoding = 4; lastKnownFileType = sourcecode.swift; path = Side.swift; sourceTree = "<group>"; };
		2134E9BA219734360066C23D /* RESTAPI.framework */ = {isa = PBXFileReference; lastKnownFileType = wrapper.framework; name = RESTAPI.framework; path = Carthage/Build/iOS/RESTAPI.framework; sourceTree = "<group>"; };
		2134E9BC219734440066C23D /* EventEmitter.framework */ = {isa = PBXFileReference; lastKnownFileType = wrapper.framework; name = EventEmitter.framework; path = Carthage/Build/iOS/EventEmitter.framework; sourceTree = "<group>"; };
		2134E9BF219735330066C23D /* Users.swift */ = {isa = PBXFileReference; lastKnownFileType = sourcecode.swift; path = Users.swift; sourceTree = "<group>"; };
		2134E9C12197364A0066C23D /* GameKit.framework */ = {isa = PBXFileReference; lastKnownFileType = wrapper.framework; name = GameKit.framework; path = System/Library/Frameworks/GameKit.framework; sourceTree = SDKROOT; };
		2134E9C52197381A0066C23D /* SwiftyJSON.framework */ = {isa = PBXFileReference; lastKnownFileType = wrapper.framework; name = SwiftyJSON.framework; path = Carthage/Build/iOS/SwiftyJSON.framework; sourceTree = "<group>"; };
/* End PBXFileReference section */

/* Begin PBXFrameworksBuildPhase section */
		2134E984219731FA0066C23D /* Frameworks */ = {
			isa = PBXFrameworksBuildPhase;
			buildActionMask = 2147483647;
			files = (
				2134E9C62197381A0066C23D /* SwiftyJSON.framework in Frameworks */,
				2134E9C22197364A0066C23D /* GameKit.framework in Frameworks */,
				2134E9BD219734440066C23D /* EventEmitter.framework in Frameworks */,
				2134E9BB219734360066C23D /* RESTAPI.framework in Frameworks */,
			);
			runOnlyForDeploymentPostprocessing = 0;
		};
		2134E998219731FC0066C23D /* Frameworks */ = {
			isa = PBXFrameworksBuildPhase;
			buildActionMask = 2147483647;
			files = (
			);
			runOnlyForDeploymentPostprocessing = 0;
		};
/* End PBXFrameworksBuildPhase section */

/* Begin PBXGroup section */
		2134E97E219731FA0066C23D = {
			isa = PBXGroup;
			children = (
				2134E989219731FA0066C23D /* Chess */,
				2134E99E219731FC0066C23D /* ChessTests */,
				2134E988219731FA0066C23D /* Products */,
				2134E9B9219734360066C23D /* Frameworks */,
			);
			sourceTree = "<group>";
		};
		2134E988219731FA0066C23D /* Products */ = {
			isa = PBXGroup;
			children = (
				2134E987219731FA0066C23D /* Chess.app */,
				2134E99B219731FC0066C23D /* ChessTests.xctest */,
			);
			name = Products;
			sourceTree = "<group>";
		};
		2134E989219731FA0066C23D /* Chess */ = {
			isa = PBXGroup;
			children = (
				2134E98A219731FA0066C23D /* AppDelegate.swift */,
				2134E98C219731FA0066C23D /* ViewController.swift */,
				2134E98E219731FA0066C23D /* Main.storyboard */,
				2134E991219731FC0066C23D /* Assets.xcassets */,
				2134E993219731FC0066C23D /* LaunchScreen.storyboard */,
				2134E996219731FC0066C23D /* Info.plist */,
				2134E9BE219734780066C23D /* Repository */,
				2134E9AA219732030066C23D /* Model */,
			);
			path = Chess;
			sourceTree = "<group>";
		};
		2134E99E219731FC0066C23D /* ChessTests */ = {
			isa = PBXGroup;
			children = (
				2134E99F219731FC0066C23D /* ChessTests.swift */,
				2134E9A1219731FC0066C23D /* Info.plist */,
			);
			path = ChessTests;
			sourceTree = "<group>";
		};
		2134E9AA219732030066C23D /* Model */ = {
			isa = PBXGroup;
			children = (
				2134E9AF2197323B0066C23D /* Figure.swift */,
				2134E9AB2197323B0066C23D /* Game.swift */,
				2134E9AE2197323B0066C23D /* GameStatus.swift */,
				2134E9B02197323B0066C23D /* Position.swift */,
				2134E9B12197323B0066C23D /* Side.swift */,
				2134E9AD2197323B0066C23D /* Step.swift */,
				2134E9AC2197323B0066C23D /* User.swift */,
			);
			path = Model;
			sourceTree = "<group>";
		};
		2134E9B9219734360066C23D /* Frameworks */ = {
			isa = PBXGroup;
			children = (
				2134E9C52197381A0066C23D /* SwiftyJSON.framework */,
				2134E9C12197364A0066C23D /* GameKit.framework */,
				2134E9BC219734440066C23D /* EventEmitter.framework */,
				2134E9BA219734360066C23D /* RESTAPI.framework */,
			);
			name = Frameworks;
			sourceTree = "<group>";
		};
		2134E9BE219734780066C23D /* Repository */ = {
			isa = PBXGroup;
			children = (
				2134E9BF219735330066C23D /* Users.swift */,
			);
			path = Repository;
			sourceTree = "<group>";
		};
/* End PBXGroup section */

/* Begin PBXNativeTarget section */
		2134E986219731FA0066C23D /* Chess */ = {
			isa = PBXNativeTarget;
			buildConfigurationList = 2134E9A4219731FC0066C23D /* Build configuration list for PBXNativeTarget "Chess" */;
			buildPhases = (
				2134E983219731FA0066C23D /* Sources */,
				2134E984219731FA0066C23D /* Frameworks */,
				2134E985219731FA0066C23D /* Resources */,
				2134E9C4219737350066C23D /* Carthage copy Run Script */,
			);
			buildRules = (
			);
			dependencies = (
			);
			name = Chess;
			productName = Chess;
			productReference = 2134E987219731FA0066C23D /* Chess.app */;
			productType = "com.apple.product-type.application";
		};
		2134E99A219731FC0066C23D /* ChessTests */ = {
			isa = PBXNativeTarget;
			buildConfigurationList = 2134E9A7219731FC0066C23D /* Build configuration list for PBXNativeTarget "ChessTests" */;
			buildPhases = (
				2134E997219731FC0066C23D /* Sources */,
				2134E998219731FC0066C23D /* Frameworks */,
				2134E999219731FC0066C23D /* Resources */,
			);
			buildRules = (
			);
			dependencies = (
				2134E99D219731FC0066C23D /* PBXTargetDependency */,
			);
			name = ChessTests;
			productName = ChessTests;
			productReference = 2134E99B219731FC0066C23D /* ChessTests.xctest */;
			productType = "com.apple.product-type.bundle.unit-test";
		};
/* End PBXNativeTarget section */

/* Begin PBXProject section */
		2134E97F219731FA0066C23D /* Project object */ = {
			isa = PBXProject;
			attributes = {
				LastSwiftUpdateCheck = 1010;
				LastUpgradeCheck = 1010;
				ORGANIZATIONNAME = gujci;
				TargetAttributes = {
					2134E986219731FA0066C23D = {
						CreatedOnToolsVersion = 10.1;
						SystemCapabilities = {
							com.apple.GameCenter.iOS = {
								enabled = 1;
							};
						};
					};
					2134E99A219731FC0066C23D = {
						CreatedOnToolsVersion = 10.1;
						TestTargetID = 2134E986219731FA0066C23D;
					};
				};
			};
			buildConfigurationList = 2134E982219731FA0066C23D /* Build configuration list for PBXProject "Chess" */;
			compatibilityVersion = "Xcode 9.3";
			developmentRegion = en;
			hasScannedForEncodings = 0;
			knownRegions = (
				en,
				Base,
			);
			mainGroup = 2134E97E219731FA0066C23D;
			productRefGroup = 2134E988219731FA0066C23D /* Products */;
			projectDirPath = "";
			projectRoot = "";
			targets = (
				2134E986219731FA0066C23D /* Chess */,
				2134E99A219731FC0066C23D /* ChessTests */,
			);
		};
/* End PBXProject section */

/* Begin PBXResourcesBuildPhase section */
		2134E985219731FA0066C23D /* Resources */ = {
			isa = PBXResourcesBuildPhase;
			buildActionMask = 2147483647;
			files = (
				2134E995219731FC0066C23D /* LaunchScreen.storyboard in Resources */,
				2134E992219731FC0066C23D /* Assets.xcassets in Resources */,
				2134E990219731FA0066C23D /* Main.storyboard in Resources */,
			);
			runOnlyForDeploymentPostprocessing = 0;
		};
		2134E999219731FC0066C23D /* Resources */ = {
			isa = PBXResourcesBuildPhase;
			buildActionMask = 2147483647;
			files = (
			);
			runOnlyForDeploymentPostprocessing = 0;
		};
/* End PBXResourcesBuildPhase section */

/* Begin PBXShellScriptBuildPhase section */
		2134E9C4219737350066C23D /* Carthage copy Run Script */ = {
			isa = PBXShellScriptBuildPhase;
			buildActionMask = 2147483647;
			files = (
			);
			inputFileListPaths = (
			);
			inputPaths = (
				"$(SRCROOT)/Carthage/Build/iOS/SwiftyJSON.framework",
				"$(SRCROOT)/Carthage/Build/iOS/RESTAPI.framework",
				"$(SRCROOT)/Carthage/Build/iOS/EventEmitter.framework",
			);
			name = "Carthage copy Run Script";
			outputFileListPaths = (
			);
			outputPaths = (
			);
			runOnlyForDeploymentPostprocessing = 0;
			shellPath = /bin/sh;
			shellScript = "/usr/local/bin/carthage copy-frameworks\n";
		};
/* End PBXShellScriptBuildPhase section */

/* Begin PBXSourcesBuildPhase section */
		2134E983219731FA0066C23D /* Sources */ = {
			isa = PBXSourcesBuildPhase;
			buildActionMask = 2147483647;
			files = (
				2134E9B32197323B0066C23D /* User.swift in Sources */,
				2134E9B52197323B0066C23D /* GameStatus.swift in Sources */,
				2134E9C0219735330066C23D /* Users.swift in Sources */,
				2134E9B82197323B0066C23D /* Side.swift in Sources */,
				2134E9B62197323B0066C23D /* Figure.swift in Sources */,
				2134E98D219731FA0066C23D /* ViewController.swift in Sources */,
				2134E9B42197323B0066C23D /* Step.swift in Sources */,
				2134E9B22197323B0066C23D /* Game.swift in Sources */,
				2134E9B72197323B0066C23D /* Position.swift in Sources */,
				2134E98B219731FA0066C23D /* AppDelegate.swift in Sources */,
			);
			runOnlyForDeploymentPostprocessing = 0;
		};
		2134E997219731FC0066C23D /* Sources */ = {
			isa = PBXSourcesBuildPhase;
			buildActionMask = 2147483647;
			files = (
				2134E9A0219731FC0066C23D /* ChessTests.swift in Sources */,
			);
			runOnlyForDeploymentPostprocessing = 0;
		};
/* End PBXSourcesBuildPhase section */

/* Begin PBXTargetDependency section */
		2134E99D219731FC0066C23D /* PBXTargetDependency */ = {
			isa = PBXTargetDependency;
			target = 2134E986219731FA0066C23D /* Chess */;
			targetProxy = 2134E99C219731FC0066C23D /* PBXContainerItemProxy */;
		};
/* End PBXTargetDependency section */

/* Begin PBXVariantGroup section */
		2134E98E219731FA0066C23D /* Main.storyboard */ = {
			isa = PBXVariantGroup;
			children = (
				2134E98F219731FA0066C23D /* Base */,
			);
			name = Main.storyboard;
			sourceTree = "<group>";
		};
		2134E993219731FC0066C23D /* LaunchScreen.storyboard */ = {
			isa = PBXVariantGroup;
			children = (
				2134E994219731FC0066C23D /* Base */,
			);
			name = LaunchScreen.storyboard;
			sourceTree = "<group>";
		};
/* End PBXVariantGroup section */

/* Begin XCBuildConfiguration section */
		2134E9A2219731FC0066C23D /* Debug */ = {
			isa = XCBuildConfiguration;
			buildSettings = {
				ALWAYS_SEARCH_USER_PATHS = NO;
				CLANG_ANALYZER_NONNULL = YES;
				CLANG_ANALYZER_NUMBER_OBJECT_CONVERSION = YES_AGGRESSIVE;
				CLANG_CXX_LANGUAGE_STANDARD = "gnu++14";
				CLANG_CXX_LIBRARY = "libc++";
				CLANG_ENABLE_MODULES = YES;
				CLANG_ENABLE_OBJC_ARC = YES;
				CLANG_ENABLE_OBJC_WEAK = YES;
				CLANG_WARN_BLOCK_CAPTURE_AUTORELEASING = YES;
				CLANG_WARN_BOOL_CONVERSION = YES;
				CLANG_WARN_COMMA = YES;
				CLANG_WARN_CONSTANT_CONVERSION = YES;
				CLANG_WARN_DEPRECATED_OBJC_IMPLEMENTATIONS = YES;
				CLANG_WARN_DIRECT_OBJC_ISA_USAGE = YES_ERROR;
				CLANG_WARN_DOCUMENTATION_COMMENTS = YES;
				CLANG_WARN_EMPTY_BODY = YES;
				CLANG_WARN_ENUM_CONVERSION = YES;
				CLANG_WARN_INFINITE_RECURSION = YES;
				CLANG_WARN_INT_CONVERSION = YES;
				CLANG_WARN_NON_LITERAL_NULL_CONVERSION = YES;
				CLANG_WARN_OBJC_IMPLICIT_RETAIN_SELF = YES;
				CLANG_WARN_OBJC_LITERAL_CONVERSION = YES;
				CLANG_WARN_OBJC_ROOT_CLASS = YES_ERROR;
				CLANG_WARN_RANGE_LOOP_ANALYSIS = YES;
				CLANG_WARN_STRICT_PROTOTYPES = YES;
				CLANG_WARN_SUSPICIOUS_MOVE = YES;
				CLANG_WARN_UNGUARDED_AVAILABILITY = YES_AGGRESSIVE;
				CLANG_WARN_UNREACHABLE_CODE = YES;
				CLANG_WARN__DUPLICATE_METHOD_MATCH = YES;
				CODE_SIGN_IDENTITY = "iPhone Developer";
				COPY_PHASE_STRIP = NO;
				DEBUG_INFORMATION_FORMAT = dwarf;
				ENABLE_STRICT_OBJC_MSGSEND = YES;
				ENABLE_TESTABILITY = YES;
				GCC_C_LANGUAGE_STANDARD = gnu11;
				GCC_DYNAMIC_NO_PIC = NO;
				GCC_NO_COMMON_BLOCKS = YES;
				GCC_OPTIMIZATION_LEVEL = 0;
				GCC_PREPROCESSOR_DEFINITIONS = (
					"DEBUG=1",
					"$(inherited)",
				);
				GCC_WARN_64_TO_32_BIT_CONVERSION = YES;
				GCC_WARN_ABOUT_RETURN_TYPE = YES_ERROR;
				GCC_WARN_UNDECLARED_SELECTOR = YES;
				GCC_WARN_UNINITIALIZED_AUTOS = YES_AGGRESSIVE;
				GCC_WARN_UNUSED_FUNCTION = YES;
				GCC_WARN_UNUSED_VARIABLE = YES;
				IPHONEOS_DEPLOYMENT_TARGET = 12.1;
				MTL_ENABLE_DEBUG_INFO = INCLUDE_SOURCE;
				MTL_FAST_MATH = YES;
				ONLY_ACTIVE_ARCH = YES;
				SDKROOT = iphoneos;
				SWIFT_ACTIVE_COMPILATION_CONDITIONS = DEBUG;
				SWIFT_OPTIMIZATION_LEVEL = "-Onone";
			};
			name = Debug;
		};
		2134E9A3219731FC0066C23D /* Release */ = {
			isa = XCBuildConfiguration;
			buildSettings = {
				ALWAYS_SEARCH_USER_PATHS = NO;
				CLANG_ANALYZER_NONNULL = YES;
				CLANG_ANALYZER_NUMBER_OBJECT_CONVERSION = YES_AGGRESSIVE;
				CLANG_CXX_LANGUAGE_STANDARD = "gnu++14";
				CLANG_CXX_LIBRARY = "libc++";
				CLANG_ENABLE_MODULES = YES;
				CLANG_ENABLE_OBJC_ARC = YES;
				CLANG_ENABLE_OBJC_WEAK = YES;
				CLANG_WARN_BLOCK_CAPTURE_AUTORELEASING = YES;
				CLANG_WARN_BOOL_CONVERSION = YES;
				CLANG_WARN_COMMA = YES;
				CLANG_WARN_CONSTANT_CONVERSION = YES;
				CLANG_WARN_DEPRECATED_OBJC_IMPLEMENTATIONS = YES;
				CLANG_WARN_DIRECT_OBJC_ISA_USAGE = YES_ERROR;
				CLANG_WARN_DOCUMENTATION_COMMENTS = YES;
				CLANG_WARN_EMPTY_BODY = YES;
				CLANG_WARN_ENUM_CONVERSION = YES;
				CLANG_WARN_INFINITE_RECURSION = YES;
				CLANG_WARN_INT_CONVERSION = YES;
				CLANG_WARN_NON_LITERAL_NULL_CONVERSION = YES;
				CLANG_WARN_OBJC_IMPLICIT_RETAIN_SELF = YES;
				CLANG_WARN_OBJC_LITERAL_CONVERSION = YES;
				CLANG_WARN_OBJC_ROOT_CLASS = YES_ERROR;
				CLANG_WARN_RANGE_LOOP_ANALYSIS = YES;
				CLANG_WARN_STRICT_PROTOTYPES = YES;
				CLANG_WARN_SUSPICIOUS_MOVE = YES;
				CLANG_WARN_UNGUARDED_AVAILABILITY = YES_AGGRESSIVE;
				CLANG_WARN_UNREACHABLE_CODE = YES;
				CLANG_WARN__DUPLICATE_METHOD_MATCH = YES;
				CODE_SIGN_IDENTITY = "iPhone Developer";
				COPY_PHASE_STRIP = NO;
				DEBUG_INFORMATION_FORMAT = "dwarf-with-dsym";
				ENABLE_NS_ASSERTIONS = NO;
				ENABLE_STRICT_OBJC_MSGSEND = YES;
				GCC_C_LANGUAGE_STANDARD = gnu11;
				GCC_NO_COMMON_BLOCKS = YES;
				GCC_WARN_64_TO_32_BIT_CONVERSION = YES;
				GCC_WARN_ABOUT_RETURN_TYPE = YES_ERROR;
				GCC_WARN_UNDECLARED_SELECTOR = YES;
				GCC_WARN_UNINITIALIZED_AUTOS = YES_AGGRESSIVE;
				GCC_WARN_UNUSED_FUNCTION = YES;
				GCC_WARN_UNUSED_VARIABLE = YES;
				IPHONEOS_DEPLOYMENT_TARGET = 12.1;
				MTL_ENABLE_DEBUG_INFO = NO;
				MTL_FAST_MATH = YES;
				SDKROOT = iphoneos;
				SWIFT_COMPILATION_MODE = wholemodule;
				SWIFT_OPTIMIZATION_LEVEL = "-O";
				VALIDATE_PRODUCT = YES;
			};
			name = Release;
		};
		2134E9A5219731FC0066C23D /* Debug */ = {
			isa = XCBuildConfiguration;
			buildSettings = {
				ASSETCATALOG_COMPILER_APPICON_NAME = AppIcon;
				CODE_SIGN_STYLE = Automatic;
				DEVELOPMENT_TEAM = 3PKRW86A3H;
				FRAMEWORK_SEARCH_PATHS = (
					"$(inherited)",
					"$(PROJECT_DIR)/Carthage/Build/iOS",
				);
				INFOPLIST_FILE = Chess/Info.plist;
				LD_RUNPATH_SEARCH_PATHS = (
					"$(inherited)",
					"@executable_path/Frameworks",
				);
				PRODUCT_BUNDLE_IDENTIFIER = com.gujci.Chess;
				PRODUCT_NAME = "$(TARGET_NAME)";
				SWIFT_VERSION = 4.2;
				TARGETED_DEVICE_FAMILY = "1,2";
			};
			name = Debug;
		};
		2134E9A6219731FC0066C23D /* Release */ = {
			isa = XCBuildConfiguration;
			buildSettings = {
				ASSETCATALOG_COMPILER_APPICON_NAME = AppIcon;
				CODE_SIGN_STYLE = Automatic;
				DEVELOPMENT_TEAM = 3PKRW86A3H;
				FRAMEWORK_SEARCH_PATHS = (
					"$(inherited)",
					"$(PROJECT_DIR)/Carthage/Build/iOS",
				);
				INFOPLIST_FILE = Chess/Info.plist;
				LD_RUNPATH_SEARCH_PATHS = (
					"$(inherited)",
					"@executable_path/Frameworks",
				);
				PRODUCT_BUNDLE_IDENTIFIER = com.gujci.Chess;
				PRODUCT_NAME = "$(TARGET_NAME)";
				SWIFT_VERSION = 4.2;
				TARGETED_DEVICE_FAMILY = "1,2";
			};
			name = Release;
		};
		2134E9A8219731FC0066C23D /* Debug */ = {
			isa = XCBuildConfiguration;
			buildSettings = {
				ALWAYS_EMBED_SWIFT_STANDARD_LIBRARIES = YES;
				BUNDLE_LOADER = "$(TEST_HOST)";
				CODE_SIGN_STYLE = Automatic;
				DEVELOPMENT_TEAM = 3PKRW86A3H;
				INFOPLIST_FILE = ChessTests/Info.plist;
				LD_RUNPATH_SEARCH_PATHS = (
					"$(inherited)",
					"@executable_path/Frameworks",
					"@loader_path/Frameworks",
				);
				PRODUCT_BUNDLE_IDENTIFIER = com.gujci.ChessTests;
				PRODUCT_NAME = "$(TARGET_NAME)";
				SWIFT_VERSION = 4.2;
				TARGETED_DEVICE_FAMILY = "1,2";
				TEST_HOST = "$(BUILT_PRODUCTS_DIR)/Chess.app/Chess";
			};
			name = Debug;
		};
		2134E9A9219731FC0066C23D /* Release */ = {
			isa = XCBuildConfiguration;
			buildSettings = {
				ALWAYS_EMBED_SWIFT_STANDARD_LIBRARIES = YES;
				BUNDLE_LOADER = "$(TEST_HOST)";
				CODE_SIGN_STYLE = Automatic;
				DEVELOPMENT_TEAM = 3PKRW86A3H;
				INFOPLIST_FILE = ChessTests/Info.plist;
				LD_RUNPATH_SEARCH_PATHS = (
					"$(inherited)",
					"@executable_path/Frameworks",
					"@loader_path/Frameworks",
				);
				PRODUCT_BUNDLE_IDENTIFIER = com.gujci.ChessTests;
				PRODUCT_NAME = "$(TARGET_NAME)";
				SWIFT_VERSION = 4.2;
				TARGETED_DEVICE_FAMILY = "1,2";
				TEST_HOST = "$(BUILT_PRODUCTS_DIR)/Chess.app/Chess";
			};
			name = Release;
		};
/* End XCBuildConfiguration section */

/* Begin XCConfigurationList section */
		2134E982219731FA0066C23D /* Build configuration list for PBXProject "Chess" */ = {
			isa = XCConfigurationList;
			buildConfigurations = (
				2134E9A2219731FC0066C23D /* Debug */,
				2134E9A3219731FC0066C23D /* Release */,
			);
			defaultConfigurationIsVisible = 0;
			defaultConfigurationName = Release;
		};
		2134E9A4219731FC0066C23D /* Build configuration list for PBXNativeTarget "Chess" */ = {
			isa = XCConfigurationList;
			buildConfigurations = (
				2134E9A5219731FC0066C23D /* Debug */,
				2134E9A6219731FC0066C23D /* Release */,
			);
			defaultConfigurationIsVisible = 0;
			defaultConfigurationName = Release;
		};
		2134E9A7219731FC0066C23D /* Build configuration list for PBXNativeTarget "ChessTests" */ = {
			isa = XCConfigurationList;
			buildConfigurations = (
				2134E9A8219731FC0066C23D /* Debug */,
				2134E9A9219731FC0066C23D /* Release */,
			);
			defaultConfigurationIsVisible = 0;
			defaultConfigurationName = Release;
		};
/* End XCConfigurationList section */
	};
	rootObject = 2134E97F219731FA0066C23D /* Project object */;
}
